github.com/hugomods/icons v0.6.6 h1:gGlafcBDRP7sSID+tgLcWdog+s/QBj8DIfU+h9tZj1U=
github.com/hugomods/icons v0.6.6/go.mod h1:cIkSvK6W0q6N4U6n9KGz+QfRWQXAW0INd+1P31gPNGg=
github.com/hugomods/icons/vendors/tabler v0.15.54 h1:vzTlN1lEPsxQ6b1uo+bVR4+pnH5z3Njeew9egILsteE=
github.com/hugomods/icons/vendors/tabler v0.15.54/go.mod h1:UrH2s7KtRkQ26oX6PNzxypRq1m6Ta1L+KBYXCLIe2RA=
